
Microsoft Visual Studio Solution File, Format Version 12.00
Project("{FAE04EC0-301F-11D3-BF4B-00C04F79EFBC}") = "Polygon_Triangulation", "Polygon_Triangulation.csproj", "{8F52F2E2-9226-4FC0-A5F8-FAD247CE2427}"
EndProject
Global
	GlobalSection(SolutionConfigurationPlatforms) = preSolution
		Debug|Any CPU = Debug|Any CPU
		Release|Any CPU = Release|Any CPU
	EndGlobalSection
	GlobalSection(ProjectConfigurationPlatforms) = postSolution
		{8F52F2E2-9226-4FC0-A5F8-FAD247CE2427}.Debug|Any CPU.ActiveCfg = Debug|Any CPU
		{8F52F2E2-9226-4FC0-A5F8-FAD247CE2427}.Debug|Any CPU.Build.0 = Debug|Any CPU
		{8F52F2E2-9226-4FC0-A5F8-FAD247CE2427}.Release|Any CPU.ActiveCfg = Release|Any CPU
		{8F52F2E2-9226-4FC0-A5F8-FAD247CE2427}.Release|Any CPU.Build.0 = Release|Any CPU
	EndGlobalSection
EndGlobal
